<?xml version="1.0" encoding="UTF-8" standalone="yes" ?>
<CodeBlocks_project_file>
	<FileVersion major="1" minor="6" />
	<Project>
		<Option title="PROYECTO ( JUEGO )" />
		<Option pch_mode="2" />
		<Option compiler="gcc" />
		<Build>
			<Target title="Debug">
				<Option output="bin/Debug/CÓDIGO PROYECTO" prefix_auto="1" extension_auto="1" />
				<Option object_output="obj/Debug/" />
				<Option type="1" />
				<Option compiler="gcc" />
				<Compiler>
					<Add option="-g" />
				</Compiler>
			</Target>
			<Target title="Release">
				<Option output="bin/Release/CÓDIGO PROYECTO" prefix_auto="1" extension_auto="1" />
				<Option object_output="obj/Release/" />
				<Option type="1" />
				<Option compiler="gcc" />
				<Compiler>
					<Add option="-O2" />
				</Compiler>
				<Linker>
					<Add option="-s" />
				</Linker>
			</Target>
		</Build>
		<Compiler>
			<Add option="-Wall" />
			<Add directory="SDL2-2.0.14/x86_64-w64-mingw32/include" />
		</Compiler>
		<Linker>
			<Add option="-lmingw32 -lSDL2main -lSDL2" />
			<Add directory="SDL2-2.0.14/x86_64-w64-mingw32/lib" />
		</Linker>
		<Unit filename="1- MENU.c">
			<Option compilerVar="CC" />
		</Unit>
		<Unit filename="3.0- libreria de  funciones.h" />
		<Unit filename="3.1 -codigo juego.c">
			<Option compilerVar="CC" />
		</Unit>
		<Unit filename="3.2- libreria de  funciones.c">
			<Option compilerVar="CC" />
		</Unit>
		<Unit filename="3.3 - elemento grafico.c">
			<Option compilerVar="CC" />
		</Unit>
		<Unit filename="4- TEST SDL.c">
			<Option compilerVar="CC" />
		</Unit>
		<Extensions>
			<lib_finder disable_auto="1" />
		</Extensions>
	</Project>
</CodeBlocks_project_file>
